
Microsoft Visual Studio Solution File, Format Version 12.00
# Visual Studio Version 17
VisualStudioVersion = 17.0.31903.59
MinimumVisualStudioVersion = 10.0.40219.1
Project("{FAE04EC0-301F-11D3-BF4B-00C04F79EFBC}") = "Cleipnir.Flows", "Cleipnir.Flows\Cleipnir.Flows.csproj", "{08B6671B-854A-4B1D-A921-824B2992DEDE}"
EndProject
Project("{FAE04EC0-301F-11D3-BF4B-00C04F79EFBC}") = "Cleipnir.Flows.Sample.AspNet", "Samples\Cleipnir.Flows.Sample.AspNet\Cleipnir.Flows.Sample.AspNet.csproj", "{BC470FDE-839E-4B2C-8C56-8B20DEEF2CCD}"
EndProject
Project("{FAE04EC0-301F-11D3-BF4B-00C04F79EFBC}") = "Cleipnir.Flows.Sample.ConsoleApp", "Samples\Cleipnir.Flows.Samples.Console\Cleipnir.Flows.Sample.ConsoleApp.csproj", "{DBF10B5A-8F03-43E9-B408-538766620DA6}"
EndProject
Project("{2150E333-8FDC-42A3-9474-1A3956D46DE8}") = "Samples", "Samples", "{EAD350F1-8EF2-48AC-98EE-A5E739F15787}"
EndProject
Project("{FAE04EC0-301F-11D3-BF4B-00C04F79EFBC}") = "Cleipnir.Flows.Tests", "Cleipnir.Flows.Tests\Cleipnir.Flows.Tests.csproj", "{B4D4C847-78C8-458F-A111-04BBAF893009}"
EndProject
Project("{FAE04EC0-301F-11D3-BF4B-00C04F79EFBC}") = "Cleipnir.Flows.Cli", "Cleipnir.Flows.Cli\Cleipnir.Flows.Cli.csproj", "{BE370B3F-8547-4703-9FBC-EF15DACC9CAD}"
EndProject
Project("{2150E333-8FDC-42A3-9474-1A3956D46DE8}") = "Stores", "Stores", "{8D89DB84-E378-40AF-8CA3-16673868D494}"
EndProject
Project("{FAE04EC0-301F-11D3-BF4B-00C04F79EFBC}") = "Cleipnir.Flows.Tests.AspNet", "Cleipnir.Flows.Tests.AspNet\Cleipnir.Flows.Tests.AspNet.csproj", "{EBB1E6C9-A3AF-4566-B3F9-6FA9E871F90A}"
EndProject
Project("{2150E333-8FDC-42A3-9474-1A3956D46DE8}") = "Tests", "Tests", "{D857F722-2C8B-42B8-8167-97C22EDDBDAC}"
EndProject
Project("{FAE04EC0-301F-11D3-BF4B-00C04F79EFBC}") = "Cleipnir.Flows.Sample.Presentation", "Samples\Cleipnir.Flows.Sample.Presentation\Cleipnir.Flows.Sample.Presentation.csproj", "{A00DF355-94EB-4B10-8607-8FED4D4D5DFA}"
EndProject
Project("{FAE04EC0-301F-11D3-BF4B-00C04F79EFBC}") = "Cleipnir.ResilientFunctions", "Cleipnir.ResilientFunctions\Core\Cleipnir.ResilientFunctions\Cleipnir.ResilientFunctions.csproj", "{35ED2C34-C0EE-4FA0-9EF8-33A622BC0F46}"
EndProject
Project("{2150E333-8FDC-42A3-9474-1A3956D46DE8}") = "ResilientFunctions", "ResilientFunctions", "{7204001F-410C-41DB-9892-696E06D0703D}"
EndProject
Project("{2150E333-8FDC-42A3-9474-1A3956D46DE8}") = "SourceGeneration", "SourceGeneration", "{5E8A4831-5FF4-4BEC-9334-847943DA9517}"
EndProject
Project("{FAE04EC0-301F-11D3-BF4B-00C04F79EFBC}") = "Cleipnir.Flows.SourceGenerator", "SourceGeneration\Cleipnir.Flows.SourceGenerator\Cleipnir.Flows.SourceGenerator.csproj", "{D2D7CD1B-DADE-4A6F-A7A3-BFD5F4806A63}"
EndProject
Project("{FAE04EC0-301F-11D3-BF4B-00C04F79EFBC}") = "Cleipnir.Flows.SourceGeneratorDebugger", "SourceGeneration\Cleipnir.Flows.SourceGeneratorDebugger\Cleipnir.Flows.SourceGeneratorDebugger.csproj", "{19BAF8B6-41E4-45F5-B2E2-97B60A9B6372}"
EndProject
Project("{FAE04EC0-301F-11D3-BF4B-00C04F79EFBC}") = "Cleipnir.ResilientFunctions.PostgreSQL", "Cleipnir.ResilientFunctions\Stores\PostgreSQL\Cleipnir.ResilientFunctions.PostgreSQL\Cleipnir.ResilientFunctions.PostgreSQL.csproj", "{785F156E-024C-4D30-83D0-C077B3CCC0CE}"
EndProject
Project("{2150E333-8FDC-42A3-9474-1A3956D46DE8}") = "Stores", "Stores", "{9A4E176B-52F2-4375-87DB-AB66F0C37646}"
EndProject
Project("{FAE04EC0-301F-11D3-BF4B-00C04F79EFBC}") = "Cleipnir.ResilientFunctions.MySQL", "Cleipnir.ResilientFunctions\Stores\MySQL\Cleipnir.ResilientFunctions.MySQL\Cleipnir.ResilientFunctions.MySQL.csproj", "{B6C02093-1375-48B1-A4D7-E6F4A0581506}"
EndProject
Project("{FAE04EC0-301F-11D3-BF4B-00C04F79EFBC}") = "Cleipnir.ResilientFunctions.SqlServer", "Cleipnir.ResilientFunctions\Stores\SqlServer\Cleipnir.ResilientFunctions.SqlServer\Cleipnir.ResilientFunctions.SqlServer.csproj", "{BC926BA5-072D-4098-9792-712C21C61189}"
EndProject
Project("{FAE04EC0-301F-11D3-BF4B-00C04F79EFBC}") = "Cleipnir.Flows.MySQL", "Stores\Cleipnir.Flows.MySQL\Cleipnir.Flows.MySQL.csproj", "{4C623459-7BB1-4FF6-8812-85371EA0DE04}"
EndProject
Project("{FAE04EC0-301F-11D3-BF4B-00C04F79EFBC}") = "Cleipnir.Flows.PostgresSql", "Stores\Cleipnir.Flows.PostgresSql\Cleipnir.Flows.PostgresSql.csproj", "{EE5A28B6-AD40-4462-8008-8B54F21E82E0}"
EndProject
Project("{FAE04EC0-301F-11D3-BF4B-00C04F79EFBC}") = "Cleipnir.Flows.SqlServer", "Stores\Cleipnir.Flows.SqlServer\Cleipnir.Flows.SqlServer.csproj", "{A9108B25-3B2F-402E-9F85-8A5AF71EEDE7}"
EndProject
Project("{2150E333-8FDC-42A3-9474-1A3956D46DE8}") = "ServiceBuses", "ServiceBuses", "{0872461B-3FC1-4659-AE2D-80109CDA3F5E}"
EndProject
Project("{2150E333-8FDC-42A3-9474-1A3956D46DE8}") = "Rebus", "Rebus", "{EA87B910-46E4-4944-A202-CB8F5B2D0367}"
EndProject
Project("{FAE04EC0-301F-11D3-BF4B-00C04F79EFBC}") = "Cleipnir.Flows.Sample.MicrosoftOpen", "Samples\Cleipnir.Flows.Sample.MicrosoftOpen\Cleipnir.Flows.Sample.MicrosoftOpen.csproj", "{2F656246-5EB7-42E7-AAD0-D4750B65E358}"
EndProject
Project("{2150E333-8FDC-42A3-9474-1A3956D46DE8}") = "MassTransit", "MassTransit", "{43DF25B8-E678-48DC-8F8D-142F76F22300}"
EndProject
Project("{FAE04EC0-301F-11D3-BF4B-00C04F79EFBC}") = "Cleipnir.Flows.Rebus", "ServiceBuses\Rebus\Cleipnir.Flows.Rebus\Cleipnir.Flows.Rebus.csproj", "{A2B9E9F0-A046-40A7-9DDC-52BD71B280FF}"
EndProject
Project("{FAE04EC0-301F-11D3-BF4B-00C04F79EFBC}") = "Cleipnir.Flows.Rebus.Console", "ServiceBuses\Rebus\Cleipnir.Flows.Rebus.Console\Cleipnir.Flows.Rebus.Console.csproj", "{D5C14DB8-62CE-4629-8AF9-93100A1AF982}"
EndProject
Project("{FAE04EC0-301F-11D3-BF4B-00C04F79EFBC}") = "Cleipnir.Flows.Rebus.Tests", "ServiceBuses\Rebus\Cleipnir.Flows.Rebus.Tests\Cleipnir.Flows.Rebus.Tests.csproj", "{4C7C7354-958B-4CD6-AAF8-5B451F6227AE}"
EndProject
Global
	GlobalSection(SolutionConfigurationPlatforms) = preSolution
		Debug|Any CPU = Debug|Any CPU
		Release|Any CPU = Release|Any CPU
	EndGlobalSection
	GlobalSection(SolutionProperties) = preSolution
		HideSolutionNode = FALSE
	EndGlobalSection
	GlobalSection(ProjectConfigurationPlatforms) = postSolution
		{08B6671B-854A-4B1D-A921-824B2992DEDE}.Debug|Any CPU.ActiveCfg = Debug|Any CPU
		{08B6671B-854A-4B1D-A921-824B2992DEDE}.Debug|Any CPU.Build.0 = Debug|Any CPU
		{08B6671B-854A-4B1D-A921-824B2992DEDE}.Release|Any CPU.ActiveCfg = Release|Any CPU
		{08B6671B-854A-4B1D-A921-824B2992DEDE}.Release|Any CPU.Build.0 = Release|Any CPU
		{BC470FDE-839E-4B2C-8C56-8B20DEEF2CCD}.Debug|Any CPU.ActiveCfg = Debug|Any CPU
		{BC470FDE-839E-4B2C-8C56-8B20DEEF2CCD}.Debug|Any CPU.Build.0 = Debug|Any CPU
		{BC470FDE-839E-4B2C-8C56-8B20DEEF2CCD}.Release|Any CPU.ActiveCfg = Release|Any CPU
		{BC470FDE-839E-4B2C-8C56-8B20DEEF2CCD}.Release|Any CPU.Build.0 = Release|Any CPU
		{DBF10B5A-8F03-43E9-B408-538766620DA6}.Debug|Any CPU.ActiveCfg = Debug|Any CPU
		{DBF10B5A-8F03-43E9-B408-538766620DA6}.Debug|Any CPU.Build.0 = Debug|Any CPU
		{DBF10B5A-8F03-43E9-B408-538766620DA6}.Release|Any CPU.ActiveCfg = Release|Any CPU
		{DBF10B5A-8F03-43E9-B408-538766620DA6}.Release|Any CPU.Build.0 = Release|Any CPU
		{B4D4C847-78C8-458F-A111-04BBAF893009}.Debug|Any CPU.ActiveCfg = Debug|Any CPU
		{B4D4C847-78C8-458F-A111-04BBAF893009}.Debug|Any CPU.Build.0 = Debug|Any CPU
		{B4D4C847-78C8-458F-A111-04BBAF893009}.Release|Any CPU.ActiveCfg = Release|Any CPU
		{B4D4C847-78C8-458F-A111-04BBAF893009}.Release|Any CPU.Build.0 = Release|Any CPU
		{BE370B3F-8547-4703-9FBC-EF15DACC9CAD}.Debug|Any CPU.ActiveCfg = Debug|Any CPU
		{BE370B3F-8547-4703-9FBC-EF15DACC9CAD}.Debug|Any CPU.Build.0 = Debug|Any CPU
		{BE370B3F-8547-4703-9FBC-EF15DACC9CAD}.Release|Any CPU.ActiveCfg = Release|Any CPU
		{BE370B3F-8547-4703-9FBC-EF15DACC9CAD}.Release|Any CPU.Build.0 = Release|Any CPU
		{EBB1E6C9-A3AF-4566-B3F9-6FA9E871F90A}.Debug|Any CPU.ActiveCfg = Debug|Any CPU
		{EBB1E6C9-A3AF-4566-B3F9-6FA9E871F90A}.Debug|Any CPU.Build.0 = Debug|Any CPU
		{EBB1E6C9-A3AF-4566-B3F9-6FA9E871F90A}.Release|Any CPU.ActiveCfg = Release|Any CPU
		{EBB1E6C9-A3AF-4566-B3F9-6FA9E871F90A}.Release|Any CPU.Build.0 = Release|Any CPU
		{A00DF355-94EB-4B10-8607-8FED4D4D5DFA}.Debug|Any CPU.ActiveCfg = Debug|Any CPU
		{A00DF355-94EB-4B10-8607-8FED4D4D5DFA}.Debug|Any CPU.Build.0 = Debug|Any CPU
		{A00DF355-94EB-4B10-8607-8FED4D4D5DFA}.Release|Any CPU.ActiveCfg = Release|Any CPU
		{A00DF355-94EB-4B10-8607-8FED4D4D5DFA}.Release|Any CPU.Build.0 = Release|Any CPU
		{35ED2C34-C0EE-4FA0-9EF8-33A622BC0F46}.Debug|Any CPU.ActiveCfg = Debug|Any CPU
		{35ED2C34-C0EE-4FA0-9EF8-33A622BC0F46}.Debug|Any CPU.Build.0 = Debug|Any CPU
		{35ED2C34-C0EE-4FA0-9EF8-33A622BC0F46}.Release|Any CPU.ActiveCfg = Release|Any CPU
		{35ED2C34-C0EE-4FA0-9EF8-33A622BC0F46}.Release|Any CPU.Build.0 = Release|Any CPU
		{D2D7CD1B-DADE-4A6F-A7A3-BFD5F4806A63}.Debug|Any CPU.ActiveCfg = Debug|Any CPU
		{D2D7CD1B-DADE-4A6F-A7A3-BFD5F4806A63}.Debug|Any CPU.Build.0 = Debug|Any CPU
		{D2D7CD1B-DADE-4A6F-A7A3-BFD5F4806A63}.Release|Any CPU.ActiveCfg = Release|Any CPU
		{D2D7CD1B-DADE-4A6F-A7A3-BFD5F4806A63}.Release|Any CPU.Build.0 = Release|Any CPU
		{19BAF8B6-41E4-45F5-B2E2-97B60A9B6372}.Debug|Any CPU.ActiveCfg = Debug|Any CPU
		{19BAF8B6-41E4-45F5-B2E2-97B60A9B6372}.Debug|Any CPU.Build.0 = Debug|Any CPU
		{19BAF8B6-41E4-45F5-B2E2-97B60A9B6372}.Release|Any CPU.ActiveCfg = Release|Any CPU
		{19BAF8B6-41E4-45F5-B2E2-97B60A9B6372}.Release|Any CPU.Build.0 = Release|Any CPU
		{785F156E-024C-4D30-83D0-C077B3CCC0CE}.Debug|Any CPU.ActiveCfg = Debug|Any CPU
		{785F156E-024C-4D30-83D0-C077B3CCC0CE}.Debug|Any CPU.Build.0 = Debug|Any CPU
		{785F156E-024C-4D30-83D0-C077B3CCC0CE}.Release|Any CPU.ActiveCfg = Release|Any CPU
		{785F156E-024C-4D30-83D0-C077B3CCC0CE}.Release|Any CPU.Build.0 = Release|Any CPU
		{B6C02093-1375-48B1-A4D7-E6F4A0581506}.Debug|Any CPU.ActiveCfg = Debug|Any CPU
		{B6C02093-1375-48B1-A4D7-E6F4A0581506}.Debug|Any CPU.Build.0 = Debug|Any CPU
		{B6C02093-1375-48B1-A4D7-E6F4A0581506}.Release|Any CPU.ActiveCfg = Release|Any CPU
		{B6C02093-1375-48B1-A4D7-E6F4A0581506}.Release|Any CPU.Build.0 = Release|Any CPU
		{BC926BA5-072D-4098-9792-712C21C61189}.Debug|Any CPU.ActiveCfg = Debug|Any CPU
		{BC926BA5-072D-4098-9792-712C21C61189}.Debug|Any CPU.Build.0 = Debug|Any CPU
		{BC926BA5-072D-4098-9792-712C21C61189}.Release|Any CPU.ActiveCfg = Release|Any CPU
		{BC926BA5-072D-4098-9792-712C21C61189}.Release|Any CPU.Build.0 = Release|Any CPU
		{4C623459-7BB1-4FF6-8812-85371EA0DE04}.Debug|Any CPU.ActiveCfg = Debug|Any CPU
		{4C623459-7BB1-4FF6-8812-85371EA0DE04}.Debug|Any CPU.Build.0 = Debug|Any CPU
		{4C623459-7BB1-4FF6-8812-85371EA0DE04}.Release|Any CPU.ActiveCfg = Release|Any CPU
		{4C623459-7BB1-4FF6-8812-85371EA0DE04}.Release|Any CPU.Build.0 = Release|Any CPU
		{EE5A28B6-AD40-4462-8008-8B54F21E82E0}.Debug|Any CPU.ActiveCfg = Debug|Any CPU
		{EE5A28B6-AD40-4462-8008-8B54F21E82E0}.Debug|Any CPU.Build.0 = Debug|Any CPU
		{EE5A28B6-AD40-4462-8008-8B54F21E82E0}.Release|Any CPU.ActiveCfg = Release|Any CPU
		{EE5A28B6-AD40-4462-8008-8B54F21E82E0}.Release|Any CPU.Build.0 = Release|Any CPU
		{A9108B25-3B2F-402E-9F85-8A5AF71EEDE7}.Debug|Any CPU.ActiveCfg = Debug|Any CPU
		{A9108B25-3B2F-402E-9F85-8A5AF71EEDE7}.Debug|Any CPU.Build.0 = Debug|Any CPU
		{A9108B25-3B2F-402E-9F85-8A5AF71EEDE7}.Release|Any CPU.ActiveCfg = Release|Any CPU
		{A9108B25-3B2F-402E-9F85-8A5AF71EEDE7}.Release|Any CPU.Build.0 = Release|Any CPU
		{2F656246-5EB7-42E7-AAD0-D4750B65E358}.Debug|Any CPU.ActiveCfg = Debug|Any CPU
		{2F656246-5EB7-42E7-AAD0-D4750B65E358}.Debug|Any CPU.Build.0 = Debug|Any CPU
		{2F656246-5EB7-42E7-AAD0-D4750B65E358}.Release|Any CPU.ActiveCfg = Release|Any CPU
		{2F656246-5EB7-42E7-AAD0-D4750B65E358}.Release|Any CPU.Build.0 = Release|Any CPU
		{A2B9E9F0-A046-40A7-9DDC-52BD71B280FF}.Debug|Any CPU.ActiveCfg = Debug|Any CPU
		{A2B9E9F0-A046-40A7-9DDC-52BD71B280FF}.Debug|Any CPU.Build.0 = Debug|Any CPU
		{A2B9E9F0-A046-40A7-9DDC-52BD71B280FF}.Release|Any CPU.ActiveCfg = Release|Any CPU
		{A2B9E9F0-A046-40A7-9DDC-52BD71B280FF}.Release|Any CPU.Build.0 = Release|Any CPU
		{D5C14DB8-62CE-4629-8AF9-93100A1AF982}.Debug|Any CPU.ActiveCfg = Debug|Any CPU
		{D5C14DB8-62CE-4629-8AF9-93100A1AF982}.Debug|Any CPU.Build.0 = Debug|Any CPU
		{D5C14DB8-62CE-4629-8AF9-93100A1AF982}.Release|Any CPU.ActiveCfg = Release|Any CPU
		{D5C14DB8-62CE-4629-8AF9-93100A1AF982}.Release|Any CPU.Build.0 = Release|Any CPU
		{4C7C7354-958B-4CD6-AAF8-5B451F6227AE}.Debug|Any CPU.ActiveCfg = Debug|Any CPU
		{4C7C7354-958B-4CD6-AAF8-5B451F6227AE}.Debug|Any CPU.Build.0 = Debug|Any CPU
		{4C7C7354-958B-4CD6-AAF8-5B451F6227AE}.Release|Any CPU.ActiveCfg = Release|Any CPU
		{4C7C7354-958B-4CD6-AAF8-5B451F6227AE}.Release|Any CPU.Build.0 = Release|Any CPU
	EndGlobalSection
	GlobalSection(NestedProjects) = preSolution
		{BC470FDE-839E-4B2C-8C56-8B20DEEF2CCD} = {EAD350F1-8EF2-48AC-98EE-A5E739F15787}
		{DBF10B5A-8F03-43E9-B408-538766620DA6} = {EAD350F1-8EF2-48AC-98EE-A5E739F15787}
		{B4D4C847-78C8-458F-A111-04BBAF893009} = {D857F722-2C8B-42B8-8167-97C22EDDBDAC}
		{EBB1E6C9-A3AF-4566-B3F9-6FA9E871F90A} = {D857F722-2C8B-42B8-8167-97C22EDDBDAC}
		{A00DF355-94EB-4B10-8607-8FED4D4D5DFA} = {EAD350F1-8EF2-48AC-98EE-A5E739F15787}
		{35ED2C34-C0EE-4FA0-9EF8-33A622BC0F46} = {7204001F-410C-41DB-9892-696E06D0703D}
		{D2D7CD1B-DADE-4A6F-A7A3-BFD5F4806A63} = {5E8A4831-5FF4-4BEC-9334-847943DA9517}
		{19BAF8B6-41E4-45F5-B2E2-97B60A9B6372} = {5E8A4831-5FF4-4BEC-9334-847943DA9517}
		{9A4E176B-52F2-4375-87DB-AB66F0C37646} = {7204001F-410C-41DB-9892-696E06D0703D}
		{785F156E-024C-4D30-83D0-C077B3CCC0CE} = {9A4E176B-52F2-4375-87DB-AB66F0C37646}
		{B6C02093-1375-48B1-A4D7-E6F4A0581506} = {9A4E176B-52F2-4375-87DB-AB66F0C37646}
		{BC926BA5-072D-4098-9792-712C21C61189} = {9A4E176B-52F2-4375-87DB-AB66F0C37646}
		{4C623459-7BB1-4FF6-8812-85371EA0DE04} = {8D89DB84-E378-40AF-8CA3-16673868D494}
		{EE5A28B6-AD40-4462-8008-8B54F21E82E0} = {8D89DB84-E378-40AF-8CA3-16673868D494}
		{A9108B25-3B2F-402E-9F85-8A5AF71EEDE7} = {8D89DB84-E378-40AF-8CA3-16673868D494}
		{EA87B910-46E4-4944-A202-CB8F5B2D0367} = {0872461B-3FC1-4659-AE2D-80109CDA3F5E}
		{2F656246-5EB7-42E7-AAD0-D4750B65E358} = {EAD350F1-8EF2-48AC-98EE-A5E739F15787}
		{43DF25B8-E678-48DC-8F8D-142F76F22300} = {0872461B-3FC1-4659-AE2D-80109CDA3F5E}
		{A2B9E9F0-A046-40A7-9DDC-52BD71B280FF} = {EA87B910-46E4-4944-A202-CB8F5B2D0367}
		{D5C14DB8-62CE-4629-8AF9-93100A1AF982} = {EA87B910-46E4-4944-A202-CB8F5B2D0367}
		{4C7C7354-958B-4CD6-AAF8-5B451F6227AE} = {EA87B910-46E4-4944-A202-CB8F5B2D0367}
	EndGlobalSection
EndGlobal
